
Microsoft Visual Studio Solution File, Format Version 12.00
# Visual Studio Version 16
VisualStudioVersion = 16.0.30523.141
MinimumVisualStudioVersion = 10.0.40219.1
Project("{9A19103F-16F7-4668-BE54-9A1E7A4F7556}") = "10.Summation_Of_Primes", "10.Summation_Of_Primes\10.Summation_Of_Primes.csproj", "{F3AFA040-782B-4483-86F6-DC9DB3211C6A}"
EndProject
Project("{9A19103F-16F7-4668-BE54-9A1E7A4F7556}") = "01.Multiples_of_3_and_5", "01.Multiples_of_3_and_5\01.Multiples_of_3_and_5.csproj", "{B4E73BAF-9082-4BF3-8C2E-C2C3F2095168}"
EndProject
Project("{9A19103F-16F7-4668-BE54-9A1E7A4F7556}") = "02.Even_Fibonacci_Numbers", "02.Even_Fibonacci_Numbers\02.Even_Fibonacci_Numbers.csproj", "{25889BFD-AB08-4A00-A823-AB6062738D57}"
EndProject
Project("{9A19103F-16F7-4668-BE54-9A1E7A4F7556}") = "03.Largest_Prime_Factor", "03.Largest_Prime_Factor\03.Largest_Prime_Factor.csproj", "{F106BF61-4984-4449-B8AA-F3FA3C6BC2D6}"
EndProject
Project("{9A19103F-16F7-4668-BE54-9A1E7A4F7556}") = "04.Largest_Palindrome_Product", "04.Largest_Palindrome_Product\04.Largest_Palindrome_Product.csproj", "{1F99F150-23C7-4CDB-8282-6DFF04971C27}"
EndProject
Project("{9A19103F-16F7-4668-BE54-9A1E7A4F7556}") = "05.Smallest_Multiple", "05.Smallest_Multiple\05.Smallest_Multiple.csproj", "{7B1EE55F-DF24-4B90-8C48-C48BBAE225E8}"
EndProject
Project("{9A19103F-16F7-4668-BE54-9A1E7A4F7556}") = "06.Sum_Square_Difference", "06.Sum_Square_Difference\06.Sum_Square_Difference.csproj", "{6478B9AE-5B88-4EE6-9110-16F9EEABC3B3}"
EndProject
Project("{9A19103F-16F7-4668-BE54-9A1E7A4F7556}") = "07.10001st_Prime", "07.10001st_Prime\07.10001st_Prime.csproj", "{4B0EF138-77D0-4A17-8557-94827C0FE379}"
EndProject
Project("{9A19103F-16F7-4668-BE54-9A1E7A4F7556}") = "08.Largest_Product_In_Series", "08.Largest_Product_In_Series\08.Largest_Product_In_Series.csproj", "{74C66EE5-ABFA-4EA2-A90D-CEECFC3D197F}"
EndProject
Project("{9A19103F-16F7-4668-BE54-9A1E7A4F7556}") = "09.Special_Pythagorean_Triplet", "09.Special_Pythagorean_Triplet\09.Special_Pythagorean_Triplet.csproj", "{E77F7DCA-2FC8-4C2D-A552-7CFB32D9E2A5}"
EndProject
Project("{FAE04EC0-301F-11D3-BF4B-00C04F79EFBC}") = "11.Largest_Product_In_A_Grid", "11.Largest_Product_In_A_Grid\11.Largest_Product_In_A_Grid.csproj", "{B5111794-94E0-4121-88E1-6EB658A49E2C}"
EndProject
Global
	GlobalSection(SolutionConfigurationPlatforms) = preSolution
		Debug|Any CPU = Debug|Any CPU
		Release|Any CPU = Release|Any CPU
	EndGlobalSection
	GlobalSection(ProjectConfigurationPlatforms) = postSolution
		{F3AFA040-782B-4483-86F6-DC9DB3211C6A}.Debug|Any CPU.ActiveCfg = Debug|Any CPU
		{F3AFA040-782B-4483-86F6-DC9DB3211C6A}.Debug|Any CPU.Build.0 = Debug|Any CPU
		{F3AFA040-782B-4483-86F6-DC9DB3211C6A}.Release|Any CPU.ActiveCfg = Release|Any CPU
		{F3AFA040-782B-4483-86F6-DC9DB3211C6A}.Release|Any CPU.Build.0 = Release|Any CPU
		{B4E73BAF-9082-4BF3-8C2E-C2C3F2095168}.Debug|Any CPU.ActiveCfg = Debug|Any CPU
		{B4E73BAF-9082-4BF3-8C2E-C2C3F2095168}.Debug|Any CPU.Build.0 = Debug|Any CPU
		{B4E73BAF-9082-4BF3-8C2E-C2C3F2095168}.Release|Any CPU.ActiveCfg = Release|Any CPU
		{B4E73BAF-9082-4BF3-8C2E-C2C3F2095168}.Release|Any CPU.Build.0 = Release|Any CPU
		{25889BFD-AB08-4A00-A823-AB6062738D57}.Debug|Any CPU.ActiveCfg = Debug|Any CPU
		{25889BFD-AB08-4A00-A823-AB6062738D57}.Debug|Any CPU.Build.0 = Debug|Any CPU
		{25889BFD-AB08-4A00-A823-AB6062738D57}.Release|Any CPU.ActiveCfg = Release|Any CPU
		{25889BFD-AB08-4A00-A823-AB6062738D57}.Release|Any CPU.Build.0 = Release|Any CPU
		{F106BF61-4984-4449-B8AA-F3FA3C6BC2D6}.Debug|Any CPU.ActiveCfg = Debug|Any CPU
		{F106BF61-4984-4449-B8AA-F3FA3C6BC2D6}.Debug|Any CPU.Build.0 = Debug|Any CPU
		{F106BF61-4984-4449-B8AA-F3FA3C6BC2D6}.Release|Any CPU.ActiveCfg = Release|Any CPU
		{F106BF61-4984-4449-B8AA-F3FA3C6BC2D6}.Release|Any CPU.Build.0 = Release|Any CPU
		{1F99F150-23C7-4CDB-8282-6DFF04971C27}.Debug|Any CPU.ActiveCfg = Debug|Any CPU
		{1F99F150-23C7-4CDB-8282-6DFF04971C27}.Debug|Any CPU.Build.0 = Debug|Any CPU
		{1F99F150-23C7-4CDB-8282-6DFF04971C27}.Release|Any CPU.ActiveCfg = Release|Any CPU
		{1F99F150-23C7-4CDB-8282-6DFF04971C27}.Release|Any CPU.Build.0 = Release|Any CPU
		{7B1EE55F-DF24-4B90-8C48-C48BBAE225E8}.Debug|Any CPU.ActiveCfg = Debug|Any CPU
		{7B1EE55F-DF24-4B90-8C48-C48BBAE225E8}.Debug|Any CPU.Build.0 = Debug|Any CPU
		{7B1EE55F-DF24-4B90-8C48-C48BBAE225E8}.Release|Any CPU.ActiveCfg = Release|Any CPU
		{7B1EE55F-DF24-4B90-8C48-C48BBAE225E8}.Release|Any CPU.Build.0 = Release|Any CPU
		{6478B9AE-5B88-4EE6-9110-16F9EEABC3B3}.Debug|Any CPU.ActiveCfg = Debug|Any CPU
		{6478B9AE-5B88-4EE6-9110-16F9EEABC3B3}.Debug|Any CPU.Build.0 = Debug|Any CPU
		{6478B9AE-5B88-4EE6-9110-16F9EEABC3B3}.Release|Any CPU.ActiveCfg = Release|Any CPU
		{6478B9AE-5B88-4EE6-9110-16F9EEABC3B3}.Release|Any CPU.Build.0 = Release|Any CPU
		{4B0EF138-77D0-4A17-8557-94827C0FE379}.Debug|Any CPU.ActiveCfg = Debug|Any CPU
		{4B0EF138-77D0-4A17-8557-94827C0FE379}.Debug|Any CPU.Build.0 = Debug|Any CPU
		{4B0EF138-77D0-4A17-8557-94827C0FE379}.Release|Any CPU.ActiveCfg = Release|Any CPU
		{4B0EF138-77D0-4A17-8557-94827C0FE379}.Release|Any CPU.Build.0 = Release|Any CPU
		{74C66EE5-ABFA-4EA2-A90D-CEECFC3D197F}.Debug|Any CPU.ActiveCfg = Debug|Any CPU
		{74C66EE5-ABFA-4EA2-A90D-CEECFC3D197F}.Debug|Any CPU.Build.0 = Debug|Any CPU
		{74C66EE5-ABFA-4EA2-A90D-CEECFC3D197F}.Release|Any CPU.ActiveCfg = Release|Any CPU
		{74C66EE5-ABFA-4EA2-A90D-CEECFC3D197F}.Release|Any CPU.Build.0 = Release|Any CPU
		{E77F7DCA-2FC8-4C2D-A552-7CFB32D9E2A5}.Debug|Any CPU.ActiveCfg = Debug|Any CPU
		{E77F7DCA-2FC8-4C2D-A552-7CFB32D9E2A5}.Debug|Any CPU.Build.0 = Debug|Any CPU
		{E77F7DCA-2FC8-4C2D-A552-7CFB32D9E2A5}.Release|Any CPU.ActiveCfg = Release|Any CPU
		{E77F7DCA-2FC8-4C2D-A552-7CFB32D9E2A5}.Release|Any CPU.Build.0 = Release|Any CPU
		{B5111794-94E0-4121-88E1-6EB658A49E2C}.Debug|Any CPU.ActiveCfg = Debug|Any CPU
		{B5111794-94E0-4121-88E1-6EB658A49E2C}.Debug|Any CPU.Build.0 = Debug|Any CPU
		{B5111794-94E0-4121-88E1-6EB658A49E2C}.Release|Any CPU.ActiveCfg = Release|Any CPU
		{B5111794-94E0-4121-88E1-6EB658A49E2C}.Release|Any CPU.Build.0 = Release|Any CPU
	EndGlobalSection
	GlobalSection(SolutionProperties) = preSolution
		HideSolutionNode = FALSE
	EndGlobalSection
	GlobalSection(ExtensibilityGlobals) = postSolution
		SolutionGuid = {C7910BC3-9A58-4CCC-A976-042F04C9F690}
	EndGlobalSection
EndGlobal
