
Microsoft Visual Studio Solution File, Format Version 12.00
# Visual Studio Version 16
VisualStudioVersion = 16.0.30523.141
MinimumVisualStudioVersion = 10.0.40219.1
Project("{FAE04EC0-301F-11D3-BF4B-00C04F79EFBC}") = "Multiples_of_3_and_5", "Multiples_of_3_and_5\Multiples_of_3_and_5.csproj", "{047D14BA-DED0-4D3E-B23D-4CA2D6EE73F8}"
EndProject
Global
	GlobalSection(SolutionConfigurationPlatforms) = preSolution
		Debug|Any CPU = Debug|Any CPU
		Release|Any CPU = Release|Any CPU
	EndGlobalSection
	GlobalSection(ProjectConfigurationPlatforms) = postSolution
		{047D14BA-DED0-4D3E-B23D-4CA2D6EE73F8}.Debug|Any CPU.ActiveCfg = Debug|Any CPU
		{047D14BA-DED0-4D3E-B23D-4CA2D6EE73F8}.Debug|Any CPU.Build.0 = Debug|Any CPU
		{047D14BA-DED0-4D3E-B23D-4CA2D6EE73F8}.Release|Any CPU.ActiveCfg = Release|Any CPU
		{047D14BA-DED0-4D3E-B23D-4CA2D6EE73F8}.Release|Any CPU.Build.0 = Release|Any CPU
	EndGlobalSection
	GlobalSection(SolutionProperties) = preSolution
		HideSolutionNode = FALSE
	EndGlobalSection
	GlobalSection(ExtensibilityGlobals) = postSolution
		SolutionGuid = {C7910BC3-9A58-4CCC-A976-042F04C9F690}
	EndGlobalSection
EndGlobal
